
Microsoft Visual Studio Solution File, Format Version 12.00
# Visual Studio 2013
VisualStudioVersion = 12.0.31101.0
MinimumVisualStudioVersion = 10.0.40219.1
Project("{E24C65DC-7377-472B-9ABA-BC803B73C61A}") = "marionette-todo", "http://localhost:49941", "{9F8EF8A6-38FB-4C91-94BD-DD970F7B91EA}"
	ProjectSection(WebsiteProperties) = preProject
		UseIISExpress = "true"
		TargetFrameworkMoniker = ".NETFramework,Version%3Dv4.5"
		Debug.AspNetCompiler.VirtualPath = "/localhost_49941"
		Debug.AspNetCompiler.PhysicalPath = "..\..\WebSites\marionette-todo\"
		Debug.AspNetCompiler.TargetPath = "PrecompiledWeb\localhost_49941\"
		Debug.AspNetCompiler.Updateable = "true"
		Debug.AspNetCompiler.ForceOverwrite = "true"
		Debug.AspNetCompiler.FixedNames = "false"
		Debug.AspNetCompiler.Debug = "True"
		Release.AspNetCompiler.VirtualPath = "/localhost_49941"
		Release.AspNetCompiler.PhysicalPath = "..\..\WebSites\marionette-todo\"
		Release.AspNetCompiler.TargetPath = "PrecompiledWeb\localhost_49941\"
		Release.AspNetCompiler.Updateable = "true"
		Release.AspNetCompiler.ForceOverwrite = "true"
		Release.AspNetCompiler.FixedNames = "false"
		Release.AspNetCompiler.Debug = "False"
		SlnRelativePath = "..\..\WebSites\marionette-todo\"
		DefaultWebSiteLanguage = "Visual Basic"
	EndProjectSection
EndProject
Project("{FAE04EC0-301F-11D3-BF4B-00C04F79EFBC}") = "Chutzpah.Spike", "Chutzpah.Spike\Chutzpah.Spike.csproj", "{7FD6EABA-3E0C-4F8D-8DA4-66BE05B59FD8}"
EndProject
Project("{2150E333-8FDC-42A3-9474-1A3956D46DE8}") = ".nuget", ".nuget", "{6F3210F1-5E62-471B-B71C-DE294B2D3118}"
	ProjectSection(SolutionItems) = preProject
		.nuget\packages.config = .nuget\packages.config
	EndProjectSection
EndProject
Global
	GlobalSection(SolutionConfigurationPlatforms) = preSolution
		Debug|Any CPU = Debug|Any CPU
		Release|Any CPU = Release|Any CPU
	EndGlobalSection
	GlobalSection(ProjectConfigurationPlatforms) = postSolution
		{9F8EF8A6-38FB-4C91-94BD-DD970F7B91EA}.Debug|Any CPU.ActiveCfg = Debug|Any CPU
		{9F8EF8A6-38FB-4C91-94BD-DD970F7B91EA}.Debug|Any CPU.Build.0 = Debug|Any CPU
		{9F8EF8A6-38FB-4C91-94BD-DD970F7B91EA}.Release|Any CPU.ActiveCfg = Debug|Any CPU
		{9F8EF8A6-38FB-4C91-94BD-DD970F7B91EA}.Release|Any CPU.Build.0 = Debug|Any CPU
		{7FD6EABA-3E0C-4F8D-8DA4-66BE05B59FD8}.Debug|Any CPU.ActiveCfg = Debug|Any CPU
		{7FD6EABA-3E0C-4F8D-8DA4-66BE05B59FD8}.Debug|Any CPU.Build.0 = Debug|Any CPU
		{7FD6EABA-3E0C-4F8D-8DA4-66BE05B59FD8}.Release|Any CPU.ActiveCfg = Release|Any CPU
		{7FD6EABA-3E0C-4F8D-8DA4-66BE05B59FD8}.Release|Any CPU.Build.0 = Release|Any CPU
	EndGlobalSection
	GlobalSection(SolutionProperties) = preSolution
		HideSolutionNode = FALSE
	EndGlobalSection
EndGlobal
